
Microsoft Visual Studio Solution File, Format Version 12.00
Project("{FAE04EC0-301F-11D3-BF4B-00C04F79EFBC}") = "ServicesTests", "ServicesTests\ServicesTests.csproj", "{04D87C5B-1523-47E1-8DFD-70AE37D580B2}"
EndProject
Project("{FAE04EC0-301F-11D3-BF4B-00C04F79EFBC}") = "Services", "Services\Services.csproj", "{398F0146-A071-4080-B85A-D5E3E18156C5}"
EndProject
Global
	GlobalSection(SolutionConfigurationPlatforms) = preSolution
		Debug|Any CPU = Debug|Any CPU
		Release|Any CPU = Release|Any CPU
	EndGlobalSection
	GlobalSection(ProjectConfigurationPlatforms) = postSolution
		{04D87C5B-1523-47E1-8DFD-70AE37D580B2}.Debug|Any CPU.ActiveCfg = Debug|Any CPU
		{04D87C5B-1523-47E1-8DFD-70AE37D580B2}.Debug|Any CPU.Build.0 = Debug|Any CPU
		{04D87C5B-1523-47E1-8DFD-70AE37D580B2}.Release|Any CPU.ActiveCfg = Release|Any CPU
		{04D87C5B-1523-47E1-8DFD-70AE37D580B2}.Release|Any CPU.Build.0 = Release|Any CPU
		{398F0146-A071-4080-B85A-D5E3E18156C5}.Debug|Any CPU.ActiveCfg = Debug|Any CPU
		{398F0146-A071-4080-B85A-D5E3E18156C5}.Debug|Any CPU.Build.0 = Debug|Any CPU
		{398F0146-A071-4080-B85A-D5E3E18156C5}.Release|Any CPU.ActiveCfg = Release|Any CPU
		{398F0146-A071-4080-B85A-D5E3E18156C5}.Release|Any CPU.Build.0 = Release|Any CPU
	EndGlobalSection
EndGlobal
